// !$*UTF8*$!
{
	archiveVersion = 1;
	classes = {
	};
	objectVersion = 56;
	objects = {

/* Begin PBXBuildFile section */
		274D21522B86A475004F423C /* FlickrImageViewModelTests.swift in Sources */ = {isa = PBXBuildFile; fileRef = 274D21512B86A475004F423C /* FlickrImageViewModelTests.swift */; };
		274D21542B86AF9B004F423C /* SearchScreenUITest.swift in Sources */ = {isa = PBXBuildFile; fileRef = 274D21532B86AF9B004F423C /* SearchScreenUITest.swift */; };
		27E71A802B84016200F4626B /* FlickrSearchEngineApp.swift in Sources */ = {isa = PBXBuildFile; fileRef = 27E71A7F2B84016200F4626B /* FlickrSearchEngineApp.swift */; };
		27E71A822B84016200F4626B /* ContentView.swift in Sources */ = {isa = PBXBuildFile; fileRef = 27E71A812B84016200F4626B /* ContentView.swift */; };
		27E71A842B84016400F4626B /* Assets.xcassets in Resources */ = {isa = PBXBuildFile; fileRef = 27E71A832B84016400F4626B /* Assets.xcassets */; };
		27E71A882B84016400F4626B /* Preview Assets.xcassets in Resources */ = {isa = PBXBuildFile; fileRef = 27E71A872B84016400F4626B /* Preview Assets.xcassets */; };
		27E71A922B84016500F4626B /* FlickrSearchEngineTests.swift in Sources */ = {isa = PBXBuildFile; fileRef = 27E71A912B84016500F4626B /* FlickrSearchEngineTests.swift */; };
		27E71A9C2B84016500F4626B /* FlickrSearchEngineUITests.swift in Sources */ = {isa = PBXBuildFile; fileRef = 27E71A9B2B84016500F4626B /* FlickrSearchEngineUITests.swift */; };
		27E71A9E2B84016500F4626B /* FlickrSearchEngineUITestsLaunchTests.swift in Sources */ = {isa = PBXBuildFile; fileRef = 27E71A9D2B84016500F4626B /* FlickrSearchEngineUITestsLaunchTests.swift */; };
		27E71AAB2B8402C100F4626B /* SearchScreen.swift in Sources */ = {isa = PBXBuildFile; fileRef = 27E71AAA2B8402C100F4626B /* SearchScreen.swift */; };
		27E71AAD2B8402D400F4626B /* ImageDetailView.swift in Sources */ = {isa = PBXBuildFile; fileRef = 27E71AAC2B8402D400F4626B /* ImageDetailView.swift */; };
		27E71AB12B84031700F4626B /* SearchScreenViewModel.swift in Sources */ = {isa = PBXBuildFile; fileRef = 27E71AB02B84031700F4626B /* SearchScreenViewModel.swift */; };
		27E71AB32B840DB100F4626B /* FlickrDataModel.swift in Sources */ = {isa = PBXBuildFile; fileRef = 27E71AB22B840DB000F4626B /* FlickrDataModel.swift */; };
		27E71AB52B852A6000F4626B /* FlickrImageViewModel.swift in Sources */ = {isa = PBXBuildFile; fileRef = 27E71AB42B852A5F00F4626B /* FlickrImageViewModel.swift */; };
		27E71AB72B852EC500F4626B /* NetworkManager.swift in Sources */ = {isa = PBXBuildFile; fileRef = 27E71AB62B852EC500F4626B /* NetworkManager.swift */; };
		27E71AB92B8560FB00F4626B /* FlickrImageView.swift in Sources */ = {isa = PBXBuildFile; fileRef = 27E71AB82B8560FB00F4626B /* FlickrImageView.swift */; };
		27E71ABD2B8561C000F4626B /* String Extension.swift in Sources */ = {isa = PBXBuildFile; fileRef = 27E71ABC2B8561C000F4626B /* String Extension.swift */; };
		27E71AC22B85B03D00F4626B /* SearchScreenViewModelTests.swift in Sources */ = {isa = PBXBuildFile; fileRef = 27E71AC12B85B03D00F4626B /* SearchScreenViewModelTests.swift */; };
/* End PBXBuildFile section */

/* Begin PBXContainerItemProxy section */
		27E71A8E2B84016500F4626B /* PBXContainerItemProxy */ = {
			isa = PBXContainerItemProxy;
			containerPortal = 27E71A742B84016200F4626B /* Project object */;
			proxyType = 1;
			remoteGlobalIDString = 27E71A7B2B84016200F4626B;
			remoteInfo = FlickrSearchEngine;
		};
		27E71A982B84016500F4626B /* PBXContainerItemProxy */ = {
			isa = PBXContainerItemProxy;
			containerPortal = 27E71A742B84016200F4626B /* Project object */;
			proxyType = 1;
			remoteGlobalIDString = 27E71A7B2B84016200F4626B;
			remoteInfo = FlickrSearchEngine;
		};
/* End PBXContainerItemProxy section */

/* Begin PBXFileReference section */
		274D21512B86A475004F423C /* FlickrImageViewModelTests.swift */ = {isa = PBXFileReference; lastKnownFileType = sourcecode.swift; path = FlickrImageViewModelTests.swift; sourceTree = "<group>"; };
		274D21532B86AF9B004F423C /* SearchScreenUITest.swift */ = {isa = PBXFileReference; lastKnownFileType = sourcecode.swift; path = SearchScreenUITest.swift; sourceTree = "<group>"; };
		27E71A7C2B84016200F4626B /* FlickrSearchEngine.app */ = {isa = PBXFileReference; explicitFileType = wrapper.application; includeInIndex = 0; path = FlickrSearchEngine.app; sourceTree = BUILT_PRODUCTS_DIR; };
		27E71A7F2B84016200F4626B /* FlickrSearchEngineApp.swift */ = {isa = PBXFileReference; lastKnownFileType = sourcecode.swift; path = FlickrSearchEngineApp.swift; sourceTree = "<group>"; };
		27E71A812B84016200F4626B /* ContentView.swift */ = {isa = PBXFileReference; lastKnownFileType = sourcecode.swift; path = ContentView.swift; sourceTree = "<group>"; };
		27E71A832B84016400F4626B /* Assets.xcassets */ = {isa = PBXFileReference; lastKnownFileType = folder.assetcatalog; path = Assets.xcassets; sourceTree = "<group>"; };
		27E71A852B84016400F4626B /* FlickrSearchEngine.entitlements */ = {isa = PBXFileReference; lastKnownFileType = text.plist.entitlements; path = FlickrSearchEngine.entitlements; sourceTree = "<group>"; };
		27E71A872B84016400F4626B /* Preview Assets.xcassets */ = {isa = PBXFileReference; lastKnownFileType = folder.assetcatalog; path = "Preview Assets.xcassets"; sourceTree = "<group>"; };
		27E71A8D2B84016500F4626B /* FlickrSearchEngineTests.xctest */ = {isa = PBXFileReference; explicitFileType = wrapper.cfbundle; includeInIndex = 0; path = FlickrSearchEngineTests.xctest; sourceTree = BUILT_PRODUCTS_DIR; };
		27E71A912B84016500F4626B /* FlickrSearchEngineTests.swift */ = {isa = PBXFileReference; lastKnownFileType = sourcecode.swift; path = FlickrSearchEngineTests.swift; sourceTree = "<group>"; };
		27E71A972B84016500F4626B /* FlickrSearchEngineUITests.xctest */ = {isa = PBXFileReference; explicitFileType = wrapper.cfbundle; includeInIndex = 0; path = FlickrSearchEngineUITests.xctest; sourceTree = BUILT_PRODUCTS_DIR; };
		27E71A9B2B84016500F4626B /* FlickrSearchEngineUITests.swift */ = {isa = PBXFileReference; lastKnownFileType = sourcecode.swift; path = FlickrSearchEngineUITests.swift; sourceTree = "<group>"; };
		27E71A9D2B84016500F4626B /* FlickrSearchEngineUITestsLaunchTests.swift */ = {isa = PBXFileReference; lastKnownFileType = sourcecode.swift; path = FlickrSearchEngineUITestsLaunchTests.swift; sourceTree = "<group>"; };
		27E71AAA2B8402C100F4626B /* SearchScreen.swift */ = {isa = PBXFileReference; lastKnownFileType = sourcecode.swift; path = SearchScreen.swift; sourceTree = "<group>"; };
		27E71AAC2B8402D400F4626B /* ImageDetailView.swift */ = {isa = PBXFileReference; lastKnownFileType = sourcecode.swift; path = ImageDetailView.swift; sourceTree = "<group>"; };
		27E71AB02B84031700F4626B /* SearchScreenViewModel.swift */ = {isa = PBXFileReference; lastKnownFileType = sourcecode.swift; path = SearchScreenViewModel.swift; sourceTree = "<group>"; };
		27E71AB22B840DB000F4626B /* FlickrDataModel.swift */ = {isa = PBXFileReference; lastKnownFileType = sourcecode.swift; path = FlickrDataModel.swift; sourceTree = "<group>"; };
		27E71AB42B852A5F00F4626B /* FlickrImageViewModel.swift */ = {isa = PBXFileReference; lastKnownFileType = sourcecode.swift; path = FlickrImageViewModel.swift; sourceTree = "<group>"; };
		27E71AB62B852EC500F4626B /* NetworkManager.swift */ = {isa = PBXFileReference; lastKnownFileType = sourcecode.swift; path = NetworkManager.swift; sourceTree = "<group>"; };
		27E71AB82B8560FB00F4626B /* FlickrImageView.swift */ = {isa = PBXFileReference; lastKnownFileType = sourcecode.swift; path = FlickrImageView.swift; sourceTree = "<group>"; };
		27E71ABC2B8561C000F4626B /* String Extension.swift */ = {isa = PBXFileReference; lastKnownFileType = sourcecode.swift; path = "String Extension.swift"; sourceTree = "<group>"; };
		27E71AC12B85B03D00F4626B /* SearchScreenViewModelTests.swift */ = {isa = PBXFileReference; lastKnownFileType = sourcecode.swift; path = SearchScreenViewModelTests.swift; sourceTree = "<group>"; };
/* End PBXFileReference section */

/* Begin PBXFrameworksBuildPhase section */
		27E71A792B84016200F4626B /* Frameworks */ = {
			isa = PBXFrameworksBuildPhase;
			buildActionMask = 2147483647;
			files = (
			);
			runOnlyForDeploymentPostprocessing = 0;
		};
		27E71A8A2B84016500F4626B /* Frameworks */ = {
			isa = PBXFrameworksBuildPhase;
			buildActionMask = 2147483647;
			files = (
			);
			runOnlyForDeploymentPostprocessing = 0;
		};
		27E71A942B84016500F4626B /* Frameworks */ = {
			isa = PBXFrameworksBuildPhase;
			buildActionMask = 2147483647;
			files = (
			);
			runOnlyForDeploymentPostprocessing = 0;
		};
/* End PBXFrameworksBuildPhase section */

/* Begin PBXGroup section */
		27E71A732B84016200F4626B = {
			isa = PBXGroup;
			children = (
				27E71A7E2B84016200F4626B /* FlickrSearchEngine */,
				27E71A902B84016500F4626B /* FlickrSearchEngineTests */,
				27E71A9A2B84016500F4626B /* FlickrSearchEngineUITests */,
				27E71A7D2B84016200F4626B /* Products */,
			);
			sourceTree = "<group>";
		};
		27E71A7D2B84016200F4626B /* Products */ = {
			isa = PBXGroup;
			children = (
				27E71A7C2B84016200F4626B /* FlickrSearchEngine.app */,
				27E71A8D2B84016500F4626B /* FlickrSearchEngineTests.xctest */,
				27E71A972B84016500F4626B /* FlickrSearchEngineUITests.xctest */,
			);
			name = Products;
			sourceTree = "<group>";
		};
		27E71A7E2B84016200F4626B /* FlickrSearchEngine */ = {
			isa = PBXGroup;
			children = (
				27E71AC02B85621700F4626B /* Data Model */,
				27E71ABF2B8561F600F4626B /* Managers */,
				27E71ABE2B8561E600F4626B /* Extensions */,
				27E71ABB2B85618500F4626B /* ViewModels */,
				27E71ABA2B85613500F4626B /* Views */,
				27E71A7F2B84016200F4626B /* FlickrSearchEngineApp.swift */,
				27E71A812B84016200F4626B /* ContentView.swift */,
				27E71A832B84016400F4626B /* Assets.xcassets */,
				27E71A852B84016400F4626B /* FlickrSearchEngine.entitlements */,
				27E71A862B84016400F4626B /* Preview Content */,
			);
			path = FlickrSearchEngine;
			sourceTree = "<group>";
		};
		27E71A862B84016400F4626B /* Preview Content */ = {
			isa = PBXGroup;
			children = (
				27E71A872B84016400F4626B /* Preview Assets.xcassets */,
			);
			path = "Preview Content";
			sourceTree = "<group>";
		};
		27E71A902B84016500F4626B /* FlickrSearchEngineTests */ = {
			isa = PBXGroup;
			children = (
				27E71A912B84016500F4626B /* FlickrSearchEngineTests.swift */,
				27E71AC12B85B03D00F4626B /* SearchScreenViewModelTests.swift */,
				274D21512B86A475004F423C /* FlickrImageViewModelTests.swift */,
			);
			path = FlickrSearchEngineTests;
			sourceTree = "<group>";
		};
		27E71A9A2B84016500F4626B /* FlickrSearchEngineUITests */ = {
			isa = PBXGroup;
			children = (
				27E71A9B2B84016500F4626B /* FlickrSearchEngineUITests.swift */,
				27E71A9D2B84016500F4626B /* FlickrSearchEngineUITestsLaunchTests.swift */,
				274D21532B86AF9B004F423C /* SearchScreenUITest.swift */,
			);
			path = FlickrSearchEngineUITests;
			sourceTree = "<group>";
		};
		27E71ABA2B85613500F4626B /* Views */ = {
			isa = PBXGroup;
			children = (
				27E71AAA2B8402C100F4626B /* SearchScreen.swift */,
				27E71AB82B8560FB00F4626B /* FlickrImageView.swift */,
				27E71AAC2B8402D400F4626B /* ImageDetailView.swift */,
			);
			path = Views;
			sourceTree = "<group>";
		};
		27E71ABB2B85618500F4626B /* ViewModels */ = {
			isa = PBXGroup;
			children = (
				27E71AB02B84031700F4626B /* SearchScreenViewModel.swift */,
				27E71AB42B852A5F00F4626B /* FlickrImageViewModel.swift */,
			);
			path = ViewModels;
			sourceTree = "<group>";
		};
		27E71ABE2B8561E600F4626B /* Extensions */ = {
			isa = PBXGroup;
			children = (
				27E71ABC2B8561C000F4626B /* String Extension.swift */,
			);
			path = Extensions;
			sourceTree = "<group>";
		};
		27E71ABF2B8561F600F4626B /* Managers */ = {
			isa = PBXGroup;
			children = (
				27E71AB62B852EC500F4626B /* NetworkManager.swift */,
			);
			path = Managers;
			sourceTree = "<group>";
		};
		27E71AC02B85621700F4626B /* Data Model */ = {
			isa = PBXGroup;
			children = (
				27E71AB22B840DB000F4626B /* FlickrDataModel.swift */,
			);
			path = "Data Model";
			sourceTree = "<group>";
		};
/* End PBXGroup section */

/* Begin PBXNativeTarget section */
		27E71A7B2B84016200F4626B /* FlickrSearchEngine */ = {
			isa = PBXNativeTarget;
			buildConfigurationList = 27E71AA12B84016500F4626B /* Build configuration list for PBXNativeTarget "FlickrSearchEngine" */;
			buildPhases = (
				27E71A782B84016200F4626B /* Sources */,
				27E71A792B84016200F4626B /* Frameworks */,
				27E71A7A2B84016200F4626B /* Resources */,
			);
			buildRules = (
			);
			dependencies = (
			);
			name = FlickrSearchEngine;
			productName = FlickrSearchEngine;
			productReference = 27E71A7C2B84016200F4626B /* FlickrSearchEngine.app */;
			productType = "com.apple.product-type.application";
		};
		27E71A8C2B84016500F4626B /* FlickrSearchEngineTests */ = {
			isa = PBXNativeTarget;
			buildConfigurationList = 27E71AA42B84016500F4626B /* Build configuration list for PBXNativeTarget "FlickrSearchEngineTests" */;
			buildPhases = (
				27E71A892B84016500F4626B /* Sources */,
				27E71A8A2B84016500F4626B /* Frameworks */,
				27E71A8B2B84016500F4626B /* Resources */,
			);
			buildRules = (
			);
			dependencies = (
				27E71A8F2B84016500F4626B /* PBXTargetDependency */,
			);
			name = FlickrSearchEngineTests;
			productName = FlickrSearchEngineTests;
			productReference = 27E71A8D2B84016500F4626B /* FlickrSearchEngineTests.xctest */;
			productType = "com.apple.product-type.bundle.unit-test";
		};
		27E71A962B84016500F4626B /* FlickrSearchEngineUITests */ = {
			isa = PBXNativeTarget;
			buildConfigurationList = 27E71AA72B84016500F4626B /* Build configuration list for PBXNativeTarget "FlickrSearchEngineUITests" */;
			buildPhases = (
				27E71A932B84016500F4626B /* Sources */,
				27E71A942B84016500F4626B /* Frameworks */,
				27E71A952B84016500F4626B /* Resources */,
			);
			buildRules = (
			);
			dependencies = (
				27E71A992B84016500F4626B /* PBXTargetDependency */,
			);
			name = FlickrSearchEngineUITests;
			productName = FlickrSearchEngineUITests;
			productReference = 27E71A972B84016500F4626B /* FlickrSearchEngineUITests.xctest */;
			productType = "com.apple.product-type.bundle.ui-testing";
		};
/* End PBXNativeTarget section */

/* Begin PBXProject section */
		27E71A742B84016200F4626B /* Project object */ = {
			isa = PBXProject;
			attributes = {
				BuildIndependentTargetsInParallel = 1;
				LastSwiftUpdateCheck = 1520;
				LastUpgradeCheck = 1520;
				TargetAttributes = {
					27E71A7B2B84016200F4626B = {
						CreatedOnToolsVersion = 15.2;
					};
					27E71A8C2B84016500F4626B = {
						CreatedOnToolsVersion = 15.2;
						TestTargetID = 27E71A7B2B84016200F4626B;
					};
					27E71A962B84016500F4626B = {
						CreatedOnToolsVersion = 15.2;
						TestTargetID = 27E71A7B2B84016200F4626B;
					};
				};
			};
			buildConfigurationList = 27E71A772B84016200F4626B /* Build configuration list for PBXProject "FlickrSearchEngine" */;
			compatibilityVersion = "Xcode 14.0";
			developmentRegion = en;
			hasScannedForEncodings = 0;
			knownRegions = (
				en,
				Base,
			);
			mainGroup = 27E71A732B84016200F4626B;
			productRefGroup = 27E71A7D2B84016200F4626B /* Products */;
			projectDirPath = "";
			projectRoot = "";
			targets = (
				27E71A7B2B84016200F4626B /* FlickrSearchEngine */,
				27E71A8C2B84016500F4626B /* FlickrSearchEngineTests */,
				27E71A962B84016500F4626B /* FlickrSearchEngineUITests */,
			);
		};
/* End PBXProject section */

/* Begin PBXResourcesBuildPhase section */
		27E71A7A2B84016200F4626B /* Resources */ = {
			isa = PBXResourcesBuildPhase;
			buildActionMask = 2147483647;
			files = (
				27E71A882B84016400F4626B /* Preview Assets.xcassets in Resources */,
				27E71A842B84016400F4626B /* Assets.xcassets in Resources */,
			);
			runOnlyForDeploymentPostprocessing = 0;
		};
		27E71A8B2B84016500F4626B /* Resources */ = {
			isa = PBXResourcesBuildPhase;
			buildActionMask = 2147483647;
			files = (
			);
			runOnlyForDeploymentPostprocessing = 0;
		};
		27E71A952B84016500F4626B /* Resources */ = {
			isa = PBXResourcesBuildPhase;
			buildActionMask = 2147483647;
			files = (
			);
			runOnlyForDeploymentPostprocessing = 0;
		};
/* End PBXResourcesBuildPhase section */

/* Begin PBXSourcesBuildPhase section */
		27E71A782B84016200F4626B /* Sources */ = {
			isa = PBXSourcesBuildPhase;
			buildActionMask = 2147483647;
			files = (
				27E71AB32B840DB100F4626B /* FlickrDataModel.swift in Sources */,
				27E71AB52B852A6000F4626B /* FlickrImageViewModel.swift in Sources */,
				27E71AAD2B8402D400F4626B /* ImageDetailView.swift in Sources */,
				27E71A822B84016200F4626B /* ContentView.swift in Sources */,
				27E71AB72B852EC500F4626B /* NetworkManager.swift in Sources */,
				27E71AB92B8560FB00F4626B /* FlickrImageView.swift in Sources */,
				27E71A802B84016200F4626B /* FlickrSearchEngineApp.swift in Sources */,
				27E71ABD2B8561C000F4626B /* String Extension.swift in Sources */,
				27E71AB12B84031700F4626B /* SearchScreenViewModel.swift in Sources */,
				27E71AAB2B8402C100F4626B /* SearchScreen.swift in Sources */,
			);
			runOnlyForDeploymentPostprocessing = 0;
		};
		27E71A892B84016500F4626B /* Sources */ = {
			isa = PBXSourcesBuildPhase;
			buildActionMask = 2147483647;
			files = (
				274D21522B86A475004F423C /* FlickrImageViewModelTests.swift in Sources */,
				27E71AC22B85B03D00F4626B /* SearchScreenViewModelTests.swift in Sources */,
				27E71A922B84016500F4626B /* FlickrSearchEngineTests.swift in Sources */,
			);
			runOnlyForDeploymentPostprocessing = 0;
		};
		27E71A932B84016500F4626B /* Sources */ = {
			isa = PBXSourcesBuildPhase;
			buildActionMask = 2147483647;
			files = (
				27E71A9C2B84016500F4626B /* FlickrSearchEngineUITests.swift in Sources */,
				274D21542B86AF9B004F423C /* SearchScreenUITest.swift in Sources */,
				27E71A9E2B84016500F4626B /* FlickrSearchEngineUITestsLaunchTests.swift in Sources */,
			);
			runOnlyForDeploymentPostprocessing = 0;
		};
/* End PBXSourcesBuildPhase section */

/* Begin PBXTargetDependency section */
		27E71A8F2B84016500F4626B /* PBXTargetDependency */ = {
			isa = PBXTargetDependency;
			target = 27E71A7B2B84016200F4626B /* FlickrSearchEngine */;
			targetProxy = 27E71A8E2B84016500F4626B /* PBXContainerItemProxy */;
		};
		27E71A992B84016500F4626B /* PBXTargetDependency */ = {
			isa = PBXTargetDependency;
			target = 27E71A7B2B84016200F4626B /* FlickrSearchEngine */;
			targetProxy = 27E71A982B84016500F4626B /* PBXContainerItemProxy */;
		};
/* End PBXTargetDependency section */

/* Begin XCBuildConfiguration section */
		27E71A9F2B84016500F4626B /* Debug */ = {
			isa = XCBuildConfiguration;
			buildSettings = {
				ALWAYS_SEARCH_USER_PATHS = NO;
				ASSETCATALOG_COMPILER_GENERATE_SWIFT_ASSET_SYMBOL_EXTENSIONS = YES;
				CLANG_ANALYZER_NONNULL = YES;
				CLANG_ANALYZER_NUMBER_OBJECT_CONVERSION = YES_AGGRESSIVE;
				CLANG_CXX_LANGUAGE_STANDARD = "gnu++20";
				CLANG_ENABLE_MODULES = YES;
				CLANG_ENABLE_OBJC_ARC = YES;
				CLANG_ENABLE_OBJC_WEAK = YES;
				CLANG_WARN_BLOCK_CAPTURE_AUTORELEASING = YES;
				CLANG_WARN_BOOL_CONVERSION = YES;
				CLANG_WARN_COMMA = YES;
				CLANG_WARN_CONSTANT_CONVERSION = YES;
				CLANG_WARN_DEPRECATED_OBJC_IMPLEMENTATIONS = YES;
				CLANG_WARN_DIRECT_OBJC_ISA_USAGE = YES_ERROR;
				CLANG_WARN_DOCUMENTATION_COMMENTS = YES;
				CLANG_WARN_EMPTY_BODY = YES;
				CLANG_WARN_ENUM_CONVERSION = YES;
				CLANG_WARN_INFINITE_RECURSION = YES;
				CLANG_WARN_INT_CONVERSION = YES;
				CLANG_WARN_NON_LITERAL_NULL_CONVERSION = YES;
				CLANG_WARN_OBJC_IMPLICIT_RETAIN_SELF = YES;
				CLANG_WARN_OBJC_LITERAL_CONVERSION = YES;
				CLANG_WARN_OBJC_ROOT_CLASS = YES_ERROR;
				CLANG_WARN_QUOTED_INCLUDE_IN_FRAMEWORK_HEADER = YES;
				CLANG_WARN_RANGE_LOOP_ANALYSIS = YES;
				CLANG_WARN_STRICT_PROTOTYPES = YES;
				CLANG_WARN_SUSPICIOUS_MOVE = YES;
				CLANG_WARN_UNGUARDED_AVAILABILITY = YES_AGGRESSIVE;
				CLANG_WARN_UNREACHABLE_CODE = YES;
				CLANG_WARN__DUPLICATE_METHOD_MATCH = YES;
				COPY_PHASE_STRIP = NO;
				DEBUG_INFORMATION_FORMAT = dwarf;
				ENABLE_STRICT_OBJC_MSGSEND = YES;
				ENABLE_TESTABILITY = YES;
				ENABLE_USER_SCRIPT_SANDBOXING = YES;
				GCC_C_LANGUAGE_STANDARD = gnu17;
				GCC_DYNAMIC_NO_PIC = NO;
				GCC_NO_COMMON_BLOCKS = YES;
				GCC_OPTIMIZATION_LEVEL = 0;
				GCC_PREPROCESSOR_DEFINITIONS = (
					"DEBUG=1",
					"$(inherited)",
				);
				GCC_WARN_64_TO_32_BIT_CONVERSION = YES;
				GCC_WARN_ABOUT_RETURN_TYPE = YES_ERROR;
				GCC_WARN_UNDECLARED_SELECTOR = YES;
				GCC_WARN_UNINITIALIZED_AUTOS = YES_AGGRESSIVE;
				GCC_WARN_UNUSED_FUNCTION = YES;
				GCC_WARN_UNUSED_VARIABLE = YES;
				LOCALIZATION_PREFERS_STRING_CATALOGS = YES;
				MTL_ENABLE_DEBUG_INFO = INCLUDE_SOURCE;
				MTL_FAST_MATH = YES;
				ONLY_ACTIVE_ARCH = YES;
				SWIFT_ACTIVE_COMPILATION_CONDITIONS = "DEBUG $(inherited)";
				SWIFT_OPTIMIZATION_LEVEL = "-Onone";
			};
			name = Debug;
		};
		27E71AA02B84016500F4626B /* Release */ = {
			isa = XCBuildConfiguration;
			buildSettings = {
				ALWAYS_SEARCH_USER_PATHS = NO;
				ASSETCATALOG_COMPILER_GENERATE_SWIFT_ASSET_SYMBOL_EXTENSIONS = YES;
				CLANG_ANALYZER_NONNULL = YES;
				CLANG_ANALYZER_NUMBER_OBJECT_CONVERSION = YES_AGGRESSIVE;
				CLANG_CXX_LANGUAGE_STANDARD = "gnu++20";
				CLANG_ENABLE_MODULES = YES;
				CLANG_ENABLE_OBJC_ARC = YES;
				CLANG_ENABLE_OBJC_WEAK = YES;
				CLANG_WARN_BLOCK_CAPTURE_AUTORELEASING = YES;
				CLANG_WARN_BOOL_CONVERSION = YES;
				CLANG_WARN_COMMA = YES;
				CLANG_WARN_CONSTANT_CONVERSION = YES;
				CLANG_WARN_DEPRECATED_OBJC_IMPLEMENTATIONS = YES;
				CLANG_WARN_DIRECT_OBJC_ISA_USAGE = YES_ERROR;
				CLANG_WARN_DOCUMENTATION_COMMENTS = YES;
				CLANG_WARN_EMPTY_BODY = YES;
				CLANG_WARN_ENUM_CONVERSION = YES;
				CLANG_WARN_INFINITE_RECURSION = YES;
				CLANG_WARN_INT_CONVERSION = YES;
				CLANG_WARN_NON_LITERAL_NULL_CONVERSION = YES;
				CLANG_WARN_OBJC_IMPLICIT_RETAIN_SELF = YES;
				CLANG_WARN_OBJC_LITERAL_CONVERSION = YES;
				CLANG_WARN_OBJC_ROOT_CLASS = YES_ERROR;
				CLANG_WARN_QUOTED_INCLUDE_IN_FRAMEWORK_HEADER = YES;
				CLANG_WARN_RANGE_LOOP_ANALYSIS = YES;
				CLANG_WARN_STRICT_PROTOTYPES = YES;
				CLANG_WARN_SUSPICIOUS_MOVE = YES;
				CLANG_WARN_UNGUARDED_AVAILABILITY = YES_AGGRESSIVE;
				CLANG_WARN_UNREACHABLE_CODE = YES;
				CLANG_WARN__DUPLICATE_METHOD_MATCH = YES;
				COPY_PHASE_STRIP = NO;
				DEBUG_INFORMATION_FORMAT = "dwarf-with-dsym";
				ENABLE_NS_ASSERTIONS = NO;
				ENABLE_STRICT_OBJC_MSGSEND = YES;
				ENABLE_USER_SCRIPT_SANDBOXING = YES;
				GCC_C_LANGUAGE_STANDARD = gnu17;
				GCC_NO_COMMON_BLOCKS = YES;
				GCC_WARN_64_TO_32_BIT_CONVERSION = YES;
				GCC_WARN_ABOUT_RETURN_TYPE = YES_ERROR;
				GCC_WARN_UNDECLARED_SELECTOR = YES;
				GCC_WARN_UNINITIALIZED_AUTOS = YES_AGGRESSIVE;
				GCC_WARN_UNUSED_FUNCTION = YES;
				GCC_WARN_UNUSED_VARIABLE = YES;
				LOCALIZATION_PREFERS_STRING_CATALOGS = YES;
				MTL_ENABLE_DEBUG_INFO = NO;
				MTL_FAST_MATH = YES;
				SWIFT_COMPILATION_MODE = wholemodule;
			};
			name = Release;
		};
		27E71AA22B84016500F4626B /* Debug */ = {
			isa = XCBuildConfiguration;
			buildSettings = {
				ASSETCATALOG_COMPILER_APPICON_NAME = AppIcon;
				ASSETCATALOG_COMPILER_GLOBAL_ACCENT_COLOR_NAME = AccentColor;
				CODE_SIGN_ENTITLEMENTS = FlickrSearchEngine/FlickrSearchEngine.entitlements;
				CODE_SIGN_STYLE = Automatic;
				CURRENT_PROJECT_VERSION = 1;
				DEVELOPMENT_ASSET_PATHS = "\"FlickrSearchEngine/Preview Content\"";
				DEVELOPMENT_TEAM = 4Q854U4GVW;
				ENABLE_HARDENED_RUNTIME = YES;
				ENABLE_PREVIEWS = YES;
				GENERATE_INFOPLIST_FILE = YES;
				"INFOPLIST_KEY_UIApplicationSceneManifest_Generation[sdk=iphoneos*]" = YES;
				"INFOPLIST_KEY_UIApplicationSceneManifest_Generation[sdk=iphonesimulator*]" = YES;
				"INFOPLIST_KEY_UIApplicationSupportsIndirectInputEvents[sdk=iphoneos*]" = YES;
				"INFOPLIST_KEY_UIApplicationSupportsIndirectInputEvents[sdk=iphonesimulator*]" = YES;
				"INFOPLIST_KEY_UILaunchScreen_Generation[sdk=iphoneos*]" = YES;
				"INFOPLIST_KEY_UILaunchScreen_Generation[sdk=iphonesimulator*]" = YES;
				"INFOPLIST_KEY_UIStatusBarStyle[sdk=iphoneos*]" = UIStatusBarStyleDefault;
				"INFOPLIST_KEY_UIStatusBarStyle[sdk=iphonesimulator*]" = UIStatusBarStyleDefault;
				INFOPLIST_KEY_UISupportedInterfaceOrientations_iPad = "UIInterfaceOrientationPortrait UIInterfaceOrientationPortraitUpsideDown UIInterfaceOrientationLandscapeLeft UIInterfaceOrientationLandscapeRight";
				INFOPLIST_KEY_UISupportedInterfaceOrientations_iPhone = "UIInterfaceOrientationPortrait UIInterfaceOrientationLandscapeLeft UIInterfaceOrientationLandscapeRight";
				IPHONEOS_DEPLOYMENT_TARGET = 17.2;
				LD_RUNPATH_SEARCH_PATHS = "@executable_path/Frameworks";
				"LD_RUNPATH_SEARCH_PATHS[sdk=macosx*]" = "@executable_path/../Frameworks";
				MACOSX_DEPLOYMENT_TARGET = 14.2;
				MARKETING_VERSION = 1.0;
				PRODUCT_BUNDLE_IDENTIFIER = com.test.FlickrSearchEngine;
				PRODUCT_NAME = "$(TARGET_NAME)";
				SDKROOT = auto;
				SUPPORTED_PLATFORMS = "iphoneos iphonesimulator macosx";
				SWIFT_EMIT_LOC_STRINGS = YES;
				SWIFT_VERSION = 5.0;
				TARGETED_DEVICE_FAMILY = "1,2";
			};
			name = Debug;
		};
		27E71AA32B84016500F4626B /* Release */ = {
			isa = XCBuildConfiguration;
			buildSettings = {
				ASSETCATALOG_COMPILER_APPICON_NAME = AppIcon;
				ASSETCATALOG_COMPILER_GLOBAL_ACCENT_COLOR_NAME = AccentColor;
				CODE_SIGN_ENTITLEMENTS = FlickrSearchEngine/FlickrSearchEngine.entitlements;
				CODE_SIGN_STYLE = Automatic;
				CURRENT_PROJECT_VERSION = 1;
				DEVELOPMENT_ASSET_PATHS = "\"FlickrSearchEngine/Preview Content\"";
				DEVELOPMENT_TEAM = 4Q854U4GVW;
				ENABLE_HARDENED_RUNTIME = YES;
				ENABLE_PREVIEWS = YES;
				GENERATE_INFOPLIST_FILE = YES;
				"INFOPLIST_KEY_UIApplicationSceneManifest_Generation[sdk=iphoneos*]" = YES;
				"INFOPLIST_KEY_UIApplicationSceneManifest_Generation[sdk=iphonesimulator*]" = YES;
				"INFOPLIST_KEY_UIApplicationSupportsIndirectInputEvents[sdk=iphoneos*]" = YES;
				"INFOPLIST_KEY_UIApplicationSupportsIndirectInputEvents[sdk=iphonesimulator*]" = YES;
				"INFOPLIST_KEY_UILaunchScreen_Generation[sdk=iphoneos*]" = YES;
				"INFOPLIST_KEY_UILaunchScreen_Generation[sdk=iphonesimulator*]" = YES;
				"INFOPLIST_KEY_UIStatusBarStyle[sdk=iphoneos*]" = UIStatusBarStyleDefault;
				"INFOPLIST_KEY_UIStatusBarStyle[sdk=iphonesimulator*]" = UIStatusBarStyleDefault;
				INFOPLIST_KEY_UISupportedInterfaceOrientations_iPad = "UIInterfaceOrientationPortrait UIInterfaceOrientationPortraitUpsideDown UIInterfaceOrientationLandscapeLeft UIInterfaceOrientationLandscapeRight";
				INFOPLIST_KEY_UISupportedInterfaceOrientations_iPhone = "UIInterfaceOrientationPortrait UIInterfaceOrientationLandscapeLeft UIInterfaceOrientationLandscapeRight";
				IPHONEOS_DEPLOYMENT_TARGET = 17.2;
				LD_RUNPATH_SEARCH_PATHS = "@executable_path/Frameworks";
				"LD_RUNPATH_SEARCH_PATHS[sdk=macosx*]" = "@executable_path/../Frameworks";
				MACOSX_DEPLOYMENT_TARGET = 14.2;
				MARKETING_VERSION = 1.0;
				PRODUCT_BUNDLE_IDENTIFIER = com.test.FlickrSearchEngine;
				PRODUCT_NAME = "$(TARGET_NAME)";
				SDKROOT = auto;
				SUPPORTED_PLATFORMS = "iphoneos iphonesimulator macosx";
				SWIFT_EMIT_LOC_STRINGS = YES;
				SWIFT_VERSION = 5.0;
				TARGETED_DEVICE_FAMILY = "1,2";
			};
			name = Release;
		};
		27E71AA52B84016500F4626B /* Debug */ = {
			isa = XCBuildConfiguration;
			buildSettings = {
				ALWAYS_EMBED_SWIFT_STANDARD_LIBRARIES = YES;
				BUNDLE_LOADER = "$(TEST_HOST)";
				CODE_SIGN_STYLE = Automatic;
				CURRENT_PROJECT_VERSION = 1;
				DEVELOPMENT_TEAM = 4Q854U4GVW;
				GENERATE_INFOPLIST_FILE = YES;
				IPHONEOS_DEPLOYMENT_TARGET = 17.2;
				MACOSX_DEPLOYMENT_TARGET = 14.2;
				MARKETING_VERSION = 1.0;
				PRODUCT_BUNDLE_IDENTIFIER = com.test.FlickrSearchEngineTests;
				PRODUCT_NAME = "$(TARGET_NAME)";
				SDKROOT = auto;
				SUPPORTED_PLATFORMS = "iphoneos iphonesimulator macosx";
				SWIFT_EMIT_LOC_STRINGS = NO;
				SWIFT_VERSION = 5.0;
				TARGETED_DEVICE_FAMILY = "1,2";
				TEST_HOST = "$(BUILT_PRODUCTS_DIR)/FlickrSearchEngine.app/$(BUNDLE_EXECUTABLE_FOLDER_PATH)/FlickrSearchEngine";
			};
			name = Debug;
		};
		27E71AA62B84016500F4626B /* Release */ = {
			isa = XCBuildConfiguration;
			buildSettings = {
				ALWAYS_EMBED_SWIFT_STANDARD_LIBRARIES = YES;
				BUNDLE_LOADER = "$(TEST_HOST)";
				CODE_SIGN_STYLE = Automatic;
				CURRENT_PROJECT_VERSION = 1;
				DEVELOPMENT_TEAM = 4Q854U4GVW;
				GENERATE_INFOPLIST_FILE = YES;
				IPHONEOS_DEPLOYMENT_TARGET = 17.2;
				MACOSX_DEPLOYMENT_TARGET = 14.2;
				MARKETING_VERSION = 1.0;
				PRODUCT_BUNDLE_IDENTIFIER = com.test.FlickrSearchEngineTests;
				PRODUCT_NAME = "$(TARGET_NAME)";
				SDKROOT = auto;
				SUPPORTED_PLATFORMS = "iphoneos iphonesimulator macosx";
				SWIFT_EMIT_LOC_STRINGS = NO;
				SWIFT_VERSION = 5.0;
				TARGETED_DEVICE_FAMILY = "1,2";
				TEST_HOST = "$(BUILT_PRODUCTS_DIR)/FlickrSearchEngine.app/$(BUNDLE_EXECUTABLE_FOLDER_PATH)/FlickrSearchEngine";
			};
			name = Release;
		};
		27E71AA82B84016500F4626B /* Debug */ = {
			isa = XCBuildConfiguration;
			buildSettings = {
				ALWAYS_EMBED_SWIFT_STANDARD_LIBRARIES = YES;
				CODE_SIGN_STYLE = Automatic;
				CURRENT_PROJECT_VERSION = 1;
				DEVELOPMENT_TEAM = 4Q854U4GVW;
				GENERATE_INFOPLIST_FILE = YES;
				IPHONEOS_DEPLOYMENT_TARGET = 17.2;
				MACOSX_DEPLOYMENT_TARGET = 14.2;
				MARKETING_VERSION = 1.0;
				PRODUCT_BUNDLE_IDENTIFIER = com.test.FlickrSearchEngineUITests;
				PRODUCT_NAME = "$(TARGET_NAME)";
				SDKROOT = auto;
				SUPPORTED_PLATFORMS = "iphoneos iphonesimulator macosx";
				SWIFT_EMIT_LOC_STRINGS = NO;
				SWIFT_VERSION = 5.0;
				TARGETED_DEVICE_FAMILY = "1,2";
				TEST_TARGET_NAME = FlickrSearchEngine;
			};
			name = Debug;
		};
		27E71AA92B84016500F4626B /* Release */ = {
			isa = XCBuildConfiguration;
			buildSettings = {
				ALWAYS_EMBED_SWIFT_STANDARD_LIBRARIES = YES;
				CODE_SIGN_STYLE = Automatic;
				CURRENT_PROJECT_VERSION = 1;
				DEVELOPMENT_TEAM = 4Q854U4GVW;
				GENERATE_INFOPLIST_FILE = YES;
				IPHONEOS_DEPLOYMENT_TARGET = 17.2;
				MACOSX_DEPLOYMENT_TARGET = 14.2;
				MARKETING_VERSION = 1.0;
				PRODUCT_BUNDLE_IDENTIFIER = com.test.FlickrSearchEngineUITests;
				PRODUCT_NAME = "$(TARGET_NAME)";
				SDKROOT = auto;
				SUPPORTED_PLATFORMS = "iphoneos iphonesimulator macosx";
				SWIFT_EMIT_LOC_STRINGS = NO;
				SWIFT_VERSION = 5.0;
				TARGETED_DEVICE_FAMILY = "1,2";
				TEST_TARGET_NAME = FlickrSearchEngine;
			};
			name = Release;
		};
/* End XCBuildConfiguration section */

/* Begin XCConfigurationList section */
		27E71A772B84016200F4626B /* Build configuration list for PBXProject "FlickrSearchEngine" */ = {
			isa = XCConfigurationList;
			buildConfigurations = (
				27E71A9F2B84016500F4626B /* Debug */,
				27E71AA02B84016500F4626B /* Release */,
			);
			defaultConfigurationIsVisible = 0;
			defaultConfigurationName = Release;
		};
		27E71AA12B84016500F4626B /* Build configuration list for PBXNativeTarget "FlickrSearchEngine" */ = {
			isa = XCConfigurationList;
			buildConfigurations = (
				27E71AA22B84016500F4626B /* Debug */,
				27E71AA32B84016500F4626B /* Release */,
			);
			defaultConfigurationIsVisible = 0;
			defaultConfigurationName = Release;
		};
		27E71AA42B84016500F4626B /* Build configuration list for PBXNativeTarget "FlickrSearchEngineTests" */ = {
			isa = XCConfigurationList;
			buildConfigurations = (
				27E71AA52B84016500F4626B /* Debug */,
				27E71AA62B84016500F4626B /* Release */,
			);
			defaultConfigurationIsVisible = 0;
			defaultConfigurationName = Release;
		};
		27E71AA72B84016500F4626B /* Build configuration list for PBXNativeTarget "FlickrSearchEngineUITests" */ = {
			isa = XCConfigurationList;
			buildConfigurations = (
				27E71AA82B84016500F4626B /* Debug */,
				27E71AA92B84016500F4626B /* Release */,
			);
			defaultConfigurationIsVisible = 0;
			defaultConfigurationName = Release;
		};
/* End XCConfigurationList section */
	};
	rootObject = 27E71A742B84016200F4626B /* Project object */;
}
